Microsoft Visual Studio Solution File, Format Version 12.00
# Visual Studio Version 17
VisualStudioVersion = 17.5.2.0
MinimumVisualStudioVersion = 10.0.40219.1
Project("{2150E333-8FDC-42A3-9474-1A3956D46DE8}") = "src", "src", "{827E0CD3-B72D-47B6-A68D-7590B98EB39B}"
EndProject
Project("{2150E333-8FDC-42A3-9474-1A3956D46DE8}") = "tools", "tools", "{DCB6FCB8-FF92-AC57-0842-1F72A354D6B1}"
EndProject
Project("{FAE04EC0-301F-11D3-BF4B-00C04F79EFBC}") = "svg2tvgt", "src\tools\svg2tvgt\svg2tvgt.csproj", "{238FD9DC-81E8-2809-28C1-2E2DEBAC9072}"
EndProject
Global
	GlobalSection(SolutionConfigurationPlatforms) = preSolution
		Debug|Any CPU = Debug|Any CPU
		Release|Any CPU = Release|Any CPU
	EndGlobalSection
	GlobalSection(ProjectConfigurationPlatforms) = postSolution
		{238FD9DC-81E8-2809-28C1-2E2DEBAC9072}.Debug|Any CPU.ActiveCfg = Debug|Any CPU
		{238FD9DC-81E8-2809-28C1-2E2DEBAC9072}.Debug|Any CPU.Build.0 = Debug|Any CPU
		{238FD9DC-81E8-2809-28C1-2E2DEBAC9072}.Release|Any CPU.ActiveCfg = Release|Any CPU
		{238FD9DC-81E8-2809-28C1-2E2DEBAC9072}.Release|Any CPU.Build.0 = Release|Any CPU
	EndGlobalSection
	GlobalSection(SolutionProperties) = preSolution
		HideSolutionNode = FALSE
	EndGlobalSection
	GlobalSection(NestedProjects) = preSolution
		{DCB6FCB8-FF92-AC57-0842-1F72A354D6B1} = {827E0CD3-B72D-47B6-A68D-7590B98EB39B}
		{238FD9DC-81E8-2809-28C1-2E2DEBAC9072} = {DCB6FCB8-FF92-AC57-0842-1F72A354D6B1}
	EndGlobalSection
	GlobalSection(ExtensibilityGlobals) = postSolution
		SolutionGuid = {7E3329FD-57DE-4B77-94AB-7B1CF825D04F}
	EndGlobalSection
EndGlobal
